
Microsoft Visual Studio Solution File, Format Version 12.00
# Visual Studio 2013
VisualStudioVersion = 12.0.21005.1
MinimumVisualStudioVersion = 10.0.40219.1
Project("{FAE04EC0-301F-11D3-BF4B-00C04F79EFBC}") = "Vjb.Sp.BackupLibrary", "Vjb.Sp.BackupLibrary\Vjb.Sp.BackupLibrary.csproj", "{05D9D888-1EC3-450A-9367-A053561A3EA2}"
EndProject
Project("{FAE04EC0-301F-11D3-BF4B-00C04F79EFBC}") = "Vjb.Sp.BackupLibrary.UnitTest", "Vjb.Sp.BackupLibrary.UnitTest\Vjb.Sp.BackupLibrary.UnitTest.csproj", "{055D5D2B-DEE6-4815-8B40-A1F5A32F4624}"
EndProject
Global
	GlobalSection(SolutionConfigurationPlatforms) = preSolution
		Debug|Any CPU = Debug|Any CPU
		Release|Any CPU = Release|Any CPU
	EndGlobalSection
	GlobalSection(ProjectConfigurationPlatforms) = postSolution
		{05D9D888-1EC3-450A-9367-A053561A3EA2}.Debug|Any CPU.ActiveCfg = Debug|Any CPU
		{05D9D888-1EC3-450A-9367-A053561A3EA2}.Debug|Any CPU.Build.0 = Debug|Any CPU
		{05D9D888-1EC3-450A-9367-A053561A3EA2}.Release|Any CPU.ActiveCfg = Release|Any CPU
		{05D9D888-1EC3-450A-9367-A053561A3EA2}.Release|Any CPU.Build.0 = Release|Any CPU
		{055D5D2B-DEE6-4815-8B40-A1F5A32F4624}.Debug|Any CPU.ActiveCfg = Debug|Any CPU
		{055D5D2B-DEE6-4815-8B40-A1F5A32F4624}.Debug|Any CPU.Build.0 = Debug|Any CPU
		{055D5D2B-DEE6-4815-8B40-A1F5A32F4624}.Release|Any CPU.ActiveCfg = Release|Any CPU
		{055D5D2B-DEE6-4815-8B40-A1F5A32F4624}.Release|Any CPU.Build.0 = Release|Any CPU
	EndGlobalSection
	GlobalSection(SolutionProperties) = preSolution
		HideSolutionNode = FALSE
	EndGlobalSection
EndGlobal
